github.com/mr-tortilla/pipelineLibrary v0.0.0-20260609100929-a66b033e50ee h1:bBEIsFHTR/vWZgpbPNieZpEbrXDyIqBuEpH2rgWVcYA=
github.com/mr-tortilla/pipelineLibrary v0.0.0-20260609100929-a66b033e50ee/go.mod h1:ZB47AqsNK1GGJRdl//qVgn7KnvT6ZBDM9Lx9+OKqU4c=
github.com/mr-tortilla/pipelineLibrary v0.0.0-20260611083201-eab3bf12ea24 h1:qqlnyGbdMz1nCoLTHLUloucS5u8P4sp/gkc3cOAG09k=
github.com/mr-tortilla/pipelineLibrary v0.0.0-20260611083201-eab3bf12ea24/go.mod h1:ZB47AqsNK1GGJRdl//qVgn7KnvT6ZBDM9Lx9+OKqU4c=
