github.com/mr-tortilla/pipelineLibrary v0.0.0-20260611094321-0c5d130ce371 h1:/V5coRiFMEeNGlOvmoMI2cLTvPPHoPmuVeTYRNgKMNk=
github.com/mr-tortilla/pipelineLibrary v0.0.0-20260611094321-0c5d130ce371/go.mod h1:ZB47AqsNK1GGJRdl//qVgn7KnvT6ZBDM9Lx9+OKqU4c=
github.com/mr-tortilla/pipelineLibrary v0.0.0-20260611115056-c763dd3e3b5a h1:Yw5Y65PI4VDJbhWAbX6nmugG9/hIHB2CRssbwfofD14=
github.com/mr-tortilla/pipelineLibrary v0.0.0-20260611115056-c763dd3e3b5a/go.mod h1:ZB47AqsNK1GGJRdl//qVgn7KnvT6ZBDM9Lx9+OKqU4c=
